
Microsoft Visual Studio Solution File, Format Version 12.00
# Visual Studio Version 16
VisualStudioVersion = 16.0.29324.140
MinimumVisualStudioVersion = 10.0.40219.1
Project("{9A19103F-16F7-4668-BE54-9A1E7A4F7556}") = "WebApi", "src\WebApi\WebApi.csproj", "{31BA529C-BE0A-44AB-9E58-5C97D9DEC555}"
EndProject
Project("{2150E333-8FDC-42A3-9474-1A3956D46DE8}") = "00 - Solution Items", "00 - Solution Items", "{50F2D646-08E0-4D51-8C01-33FACA469136}"
	ProjectSection(SolutionItems) = preProject
		.editorconfig = .editorconfig
		Dockerfile = Dockerfile
		NuGet.config = NuGet.config
		README.md = README.md
	EndProjectSection
EndProject
Project("{2150E333-8FDC-42A3-9474-1A3956D46DE8}") = "01 - Data Access", "01 - Data Access", "{91D2300A-2A09-453F-AA53-1BC40C06ECDD}"
EndProject
Project("{2150E333-8FDC-42A3-9474-1A3956D46DE8}") = "02 - Business Logic", "02 - Business Logic", "{858F12EC-D873-406A-944B-BF397040DD1E}"
EndProject
Project("{2150E333-8FDC-42A3-9474-1A3956D46DE8}") = "03 - Web", "03 - Web", "{66899E6D-FA8C-4E5C-9917-A2B31F80B110}"
EndProject
Project("{2150E333-8FDC-42A3-9474-1A3956D46DE8}") = "Impl", "Impl", "{2B46AFBB-6EFC-44D2-BB62-505A099ACD04}"
EndProject
Project("{2150E333-8FDC-42A3-9474-1A3956D46DE8}") = "Impl", "Impl", "{5562B868-FEF2-4F89-9D8C-FCCDB31C149E}"
EndProject
Project("{9A19103F-16F7-4668-BE54-9A1E7A4F7556}") = "Bll", "src\Bll\Bll.csproj", "{0B88312B-64AF-456D-AEB0-776A0422989F}"
EndProject
Project("{9A19103F-16F7-4668-BE54-9A1E7A4F7556}") = "Bll.Impl", "src\Bll.Impl\Bll.Impl.csproj", "{DEBDB028-5442-4981-B7E9-4D079286E99A}"
EndProject
Project("{9A19103F-16F7-4668-BE54-9A1E7A4F7556}") = "Bll.Tests", "test\Bll.Tests\Bll.Tests.csproj", "{C7F4A83C-5A1B-41CF-8D9F-F8A9715F5C4B}"
EndProject
Project("{9A19103F-16F7-4668-BE54-9A1E7A4F7556}") = "Dto", "src\Dto\Dto.csproj", "{344F4998-6B84-4571-98D5-0459C51FB672}"
EndProject
Project("{9A19103F-16F7-4668-BE54-9A1E7A4F7556}") = "Model", "src\Model\Model.csproj", "{AAE49881-8776-4D02-881F-986E6054B9D8}"
EndProject
Project("{9A19103F-16F7-4668-BE54-9A1E7A4F7556}") = "Dal.SendGridImpl", "src\Assistance.Operational.Dal.SendGridImpl\Dal.SendGridImpl.csproj", "{A549C52C-0096-40F7-8F0D-057EF509895E}"
EndProject
Project("{9A19103F-16F7-4668-BE54-9A1E7A4F7556}") = "Dal", "src\Assistance.Operational.Dal\Dal.csproj", "{6161E79F-C3BB-4E0A-89FE-E21CC799758B}"
EndProject
Project("{9A19103F-16F7-4668-BE54-9A1E7A4F7556}") = "Dal.TwilioImpl", "src\Dal.TwilioImpl\Dal.TwilioImpl.csproj", "{8D42D803-81AF-494A-8963-6CEB42B2B9F8}"
EndProject
Project("{9A19103F-16F7-4668-BE54-9A1E7A4F7556}") = "Dal.AzureNotificationImpl", "src\Assistance.Operational.Dal.AzureNotificationImpl\Dal.AzureNotificationImpl.csproj", "{B9FC56DF-4552-45E2-B29E-E32966253C4F}"
EndProject
Project("{9A19103F-16F7-4668-BE54-9A1E7A4F7556}") = "Dal.Tests", "src\Dal.Tests\Dal.Tests.csproj", "{DBEE7388-1192-4C7E-9031-B0E8DDE9D5CC}"
EndProject
Project("{9A19103F-16F7-4668-BE54-9A1E7A4F7556}") = "Dal.MongoImpl", "src\Assistance.Operational.Dal.MongoImpl\Dal.MongoImpl.csproj", "{E96E2F84-1A9F-4DEE-B67D-DEE6BFF4C514}"
EndProject
Project("{9A19103F-16F7-4668-BE54-9A1E7A4F7556}") = "Dal.AzureStorageImpl", "src\Dal.AzureStorageImpl\Dal.AzureStorageImpl.csproj", "{521F0F78-61EE-4ACC-98AA-E3C5D5FC578E}"
EndProject
Project("{9A19103F-16F7-4668-BE54-9A1E7A4F7556}") = "Dal.DiscordImpl", "src\Dal.DiscordImpl\Dal.DiscordImpl.csproj", "{DF7476A4-195C-48FA-9C17-4FA3B0F5591D}"
EndProject
Project("{E53339B2-1760-4266-BCC7-CA923CBCF16C}") = "docker-compose", "docker-compose.dcproj", "{A16CA6EB-E202-4309-AA47-DAF9D12F8CCC}"
EndProject
Project("{2150E333-8FDC-42A3-9474-1A3956D46DE8}") = "04 - Framework", "04 - Framework", "{CD1A9B60-5DB1-49EE-A56C-42AFEB12860F}"
EndProject
Project("{9A19103F-16F7-4668-BE54-9A1E7A4F7556}") = "Exceptions.UnitTests", "Framework\test\Exceptions.UnitTests\Exceptions.UnitTests.csproj", "{6FA079CF-12DC-4962-9CB9-C03A06BFA8F0}"
EndProject
Project("{9A19103F-16F7-4668-BE54-9A1E7A4F7556}") = "Exceptions", "Framework\src\Exceptions\Exceptions.csproj", "{224F6A61-2FD3-453A-8DAF-F187EF569623}"
EndProject
Project("{9A19103F-16F7-4668-BE54-9A1E7A4F7556}") = "Web.Http", "Framework\src\Web.Http\Web.Http.csproj", "{117DD1EC-89BA-41CB-AC6F-BE72C25B7740}"
EndProject
Project("{9A19103F-16F7-4668-BE54-9A1E7A4F7556}") = "Web.Http.UnitTests", "Framework\test\Web.Http.UnitTests\Web.Http.UnitTests.csproj", "{501C5EA1-43C0-4992-9629-79C363594612}"
EndProject
Project("{9A19103F-16F7-4668-BE54-9A1E7A4F7556}") = "Dal.MongoDb", "Framework\src\Dal.MongoDb\Dal.MongoDb.csproj", "{2152DB1A-CE98-45D9-9609-B2AED4C7A5DB}"
EndProject
Project("{9A19103F-16F7-4668-BE54-9A1E7A4F7556}") = "Dal.MongoDb.UnitTests", "Framework\src\Dal.MongoDb.UnitTests\Dal.MongoDb.UnitTests.csproj", "{0DDA9475-2B58-483A-B734-AA0E3CAB4DD0}"
EndProject
Project("{9A19103F-16F7-4668-BE54-9A1E7A4F7556}") = "Framework.Bll", "Framework\src\Bll\Framework.Bll.csproj", "{A081FFD4-BB92-47B9-93A2-C0828C82221C}"
EndProject
Project("{9A19103F-16F7-4668-BE54-9A1E7A4F7556}") = "Bll.UnitTests", "Framework\test\Bll.UnitTests\Bll.UnitTests.csproj", "{DD8CC1A9-B9FA-49A2-9BC0-E6F957937D8A}"
EndProject
Project("{9A19103F-16F7-4668-BE54-9A1E7A4F7556}") = "Framework.Model", "Framework\src\Model\Framework.Model.csproj", "{07E819F8-D857-472B-8EF0-25A3B0FCD526}"
EndProject
Project("{9A19103F-16F7-4668-BE54-9A1E7A4F7556}") = "SerializationExtensions", "Framework\src\SerializationExtensions\SerializationExtensions.csproj", "{8BAB4D27-A0C9-4F2D-98C9-5180D213D21E}"
EndProject
Project("{9A19103F-16F7-4668-BE54-9A1E7A4F7556}") = "SerializationExtensions.UnitTests", "Framework\test\SerializationExtensions.UnitTests\SerializationExtensions.UnitTests.csproj", "{5F95E8B6-EF78-4922-AFE5-F6DF7ADCF745}"
EndProject
Project("{2150E333-8FDC-42A3-9474-1A3956D46DE8}") = "data", "data", "{6B281E4D-DC8D-42F2-8B83-72B14A58B0F4}"
EndProject
Project("{2150E333-8FDC-42A3-9474-1A3956D46DE8}") = "mongodb", "mongodb", "{219F4D9C-D2DC-4ECD-9C66-EFAB7B731475}"
	ProjectSection(SolutionItems) = preProject
		data\mongodb\_init_db.js = data\mongodb\_init_db.js
		data\mongodb\mongod.conf = data\mongodb\mongod.conf
	EndProjectSection
EndProject
Project("{2150E333-8FDC-42A3-9474-1A3956D46DE8}") = "elk", "elk", "{5ACFB4AF-7C84-402D-AC92-D05CB3B4E40D}"
EndProject
Project("{2150E333-8FDC-42A3-9474-1A3956D46DE8}") = "config", "config", "{404437AB-B09F-4957-9F7F-C30680FC41B5}"
	ProjectSection(SolutionItems) = preProject
		elasticsearch\config\heartbeat.yml = elasticsearch\config\heartbeat.yml
	EndProjectSection
EndProject
Project("{FAE04EC0-301F-11D3-BF4B-00C04F79EFBC}") = "WebApi.IntegrationTests", "test\WebApi.IntegrationTests\WebApi.IntegrationTests.csproj", "{3D03B34A-5CBF-4634-8BFB-4EE9EB847545}"
EndProject
Global
	GlobalSection(SolutionConfigurationPlatforms) = preSolution
		Debug|Any CPU = Debug|Any CPU
		Release|Any CPU = Release|Any CPU
	EndGlobalSection
	GlobalSection(ProjectConfigurationPlatforms) = postSolution
		{31BA529C-BE0A-44AB-9E58-5C97D9DEC555}.Debug|Any CPU.ActiveCfg = Debug|Any CPU
		{31BA529C-BE0A-44AB-9E58-5C97D9DEC555}.Debug|Any CPU.Build.0 = Debug|Any CPU
		{31BA529C-BE0A-44AB-9E58-5C97D9DEC555}.Release|Any CPU.ActiveCfg = Release|Any CPU
		{31BA529C-BE0A-44AB-9E58-5C97D9DEC555}.Release|Any CPU.Build.0 = Release|Any CPU
		{0B88312B-64AF-456D-AEB0-776A0422989F}.Debug|Any CPU.ActiveCfg = Debug|Any CPU
		{0B88312B-64AF-456D-AEB0-776A0422989F}.Debug|Any CPU.Build.0 = Debug|Any CPU
		{0B88312B-64AF-456D-AEB0-776A0422989F}.Release|Any CPU.ActiveCfg = Release|Any CPU
		{0B88312B-64AF-456D-AEB0-776A0422989F}.Release|Any CPU.Build.0 = Release|Any CPU
		{DEBDB028-5442-4981-B7E9-4D079286E99A}.Debug|Any CPU.ActiveCfg = Debug|Any CPU
		{DEBDB028-5442-4981-B7E9-4D079286E99A}.Debug|Any CPU.Build.0 = Debug|Any CPU
		{DEBDB028-5442-4981-B7E9-4D079286E99A}.Release|Any CPU.ActiveCfg = Release|Any CPU
		{DEBDB028-5442-4981-B7E9-4D079286E99A}.Release|Any CPU.Build.0 = Release|Any CPU
		{C7F4A83C-5A1B-41CF-8D9F-F8A9715F5C4B}.Debug|Any CPU.ActiveCfg = Debug|Any CPU
		{C7F4A83C-5A1B-41CF-8D9F-F8A9715F5C4B}.Debug|Any CPU.Build.0 = Debug|Any CPU
		{C7F4A83C-5A1B-41CF-8D9F-F8A9715F5C4B}.Release|Any CPU.ActiveCfg = Release|Any CPU
		{C7F4A83C-5A1B-41CF-8D9F-F8A9715F5C4B}.Release|Any CPU.Build.0 = Release|Any CPU
		{344F4998-6B84-4571-98D5-0459C51FB672}.Debug|Any CPU.ActiveCfg = Debug|Any CPU
		{344F4998-6B84-4571-98D5-0459C51FB672}.Debug|Any CPU.Build.0 = Debug|Any CPU
		{344F4998-6B84-4571-98D5-0459C51FB672}.Release|Any CPU.ActiveCfg = Release|Any CPU
		{344F4998-6B84-4571-98D5-0459C51FB672}.Release|Any CPU.Build.0 = Release|Any CPU
		{AAE49881-8776-4D02-881F-986E6054B9D8}.Debug|Any CPU.ActiveCfg = Debug|Any CPU
		{AAE49881-8776-4D02-881F-986E6054B9D8}.Debug|Any CPU.Build.0 = Debug|Any CPU
		{AAE49881-8776-4D02-881F-986E6054B9D8}.Release|Any CPU.ActiveCfg = Release|Any CPU
		{AAE49881-8776-4D02-881F-986E6054B9D8}.Release|Any CPU.Build.0 = Release|Any CPU
		{A549C52C-0096-40F7-8F0D-057EF509895E}.Debug|Any CPU.ActiveCfg = Debug|Any CPU
		{A549C52C-0096-40F7-8F0D-057EF509895E}.Debug|Any CPU.Build.0 = Debug|Any CPU
		{A549C52C-0096-40F7-8F0D-057EF509895E}.Release|Any CPU.ActiveCfg = Release|Any CPU
		{A549C52C-0096-40F7-8F0D-057EF509895E}.Release|Any CPU.Build.0 = Release|Any CPU
		{6161E79F-C3BB-4E0A-89FE-E21CC799758B}.Debug|Any CPU.ActiveCfg = Debug|Any CPU
		{6161E79F-C3BB-4E0A-89FE-E21CC799758B}.Debug|Any CPU.Build.0 = Debug|Any CPU
		{6161E79F-C3BB-4E0A-89FE-E21CC799758B}.Release|Any CPU.ActiveCfg = Release|Any CPU
		{6161E79F-C3BB-4E0A-89FE-E21CC799758B}.Release|Any CPU.Build.0 = Release|Any CPU
		{8D42D803-81AF-494A-8963-6CEB42B2B9F8}.Debug|Any CPU.ActiveCfg = Debug|Any CPU
		{8D42D803-81AF-494A-8963-6CEB42B2B9F8}.Debug|Any CPU.Build.0 = Debug|Any CPU
		{8D42D803-81AF-494A-8963-6CEB42B2B9F8}.Release|Any CPU.ActiveCfg = Release|Any CPU
		{8D42D803-81AF-494A-8963-6CEB42B2B9F8}.Release|Any CPU.Build.0 = Release|Any CPU
		{B9FC56DF-4552-45E2-B29E-E32966253C4F}.Debug|Any CPU.ActiveCfg = Debug|Any CPU
		{B9FC56DF-4552-45E2-B29E-E32966253C4F}.Debug|Any CPU.Build.0 = Debug|Any CPU
		{B9FC56DF-4552-45E2-B29E-E32966253C4F}.Release|Any CPU.ActiveCfg = Release|Any CPU
		{B9FC56DF-4552-45E2-B29E-E32966253C4F}.Release|Any CPU.Build.0 = Release|Any CPU
		{DBEE7388-1192-4C7E-9031-B0E8DDE9D5CC}.Debug|Any CPU.ActiveCfg = Debug|Any CPU
		{DBEE7388-1192-4C7E-9031-B0E8DDE9D5CC}.Debug|Any CPU.Build.0 = Debug|Any CPU
		{DBEE7388-1192-4C7E-9031-B0E8DDE9D5CC}.Release|Any CPU.ActiveCfg = Release|Any CPU
		{DBEE7388-1192-4C7E-9031-B0E8DDE9D5CC}.Release|Any CPU.Build.0 = Release|Any CPU
		{E96E2F84-1A9F-4DEE-B67D-DEE6BFF4C514}.Debug|Any CPU.ActiveCfg = Debug|Any CPU
		{E96E2F84-1A9F-4DEE-B67D-DEE6BFF4C514}.Debug|Any CPU.Build.0 = Debug|Any CPU
		{E96E2F84-1A9F-4DEE-B67D-DEE6BFF4C514}.Release|Any CPU.ActiveCfg = Release|Any CPU
		{E96E2F84-1A9F-4DEE-B67D-DEE6BFF4C514}.Release|Any CPU.Build.0 = Release|Any CPU
		{521F0F78-61EE-4ACC-98AA-E3C5D5FC578E}.Debug|Any CPU.ActiveCfg = Debug|Any CPU
		{521F0F78-61EE-4ACC-98AA-E3C5D5FC578E}.Debug|Any CPU.Build.0 = Debug|Any CPU
		{521F0F78-61EE-4ACC-98AA-E3C5D5FC578E}.Release|Any CPU.ActiveCfg = Release|Any CPU
		{521F0F78-61EE-4ACC-98AA-E3C5D5FC578E}.Release|Any CPU.Build.0 = Release|Any CPU
		{DF7476A4-195C-48FA-9C17-4FA3B0F5591D}.Debug|Any CPU.ActiveCfg = Debug|Any CPU
		{DF7476A4-195C-48FA-9C17-4FA3B0F5591D}.Debug|Any CPU.Build.0 = Debug|Any CPU
		{DF7476A4-195C-48FA-9C17-4FA3B0F5591D}.Release|Any CPU.ActiveCfg = Release|Any CPU
		{DF7476A4-195C-48FA-9C17-4FA3B0F5591D}.Release|Any CPU.Build.0 = Release|Any CPU
		{A16CA6EB-E202-4309-AA47-DAF9D12F8CCC}.Debug|Any CPU.ActiveCfg = Debug|Any CPU
		{A16CA6EB-E202-4309-AA47-DAF9D12F8CCC}.Debug|Any CPU.Build.0 = Debug|Any CPU
		{A16CA6EB-E202-4309-AA47-DAF9D12F8CCC}.Release|Any CPU.ActiveCfg = Release|Any CPU
		{A16CA6EB-E202-4309-AA47-DAF9D12F8CCC}.Release|Any CPU.Build.0 = Release|Any CPU
		{6FA079CF-12DC-4962-9CB9-C03A06BFA8F0}.Debug|Any CPU.ActiveCfg = Debug|Any CPU
		{6FA079CF-12DC-4962-9CB9-C03A06BFA8F0}.Debug|Any CPU.Build.0 = Debug|Any CPU
		{6FA079CF-12DC-4962-9CB9-C03A06BFA8F0}.Release|Any CPU.ActiveCfg = Release|Any CPU
		{6FA079CF-12DC-4962-9CB9-C03A06BFA8F0}.Release|Any CPU.Build.0 = Release|Any CPU
		{224F6A61-2FD3-453A-8DAF-F187EF569623}.Debug|Any CPU.ActiveCfg = Debug|Any CPU
		{224F6A61-2FD3-453A-8DAF-F187EF569623}.Debug|Any CPU.Build.0 = Debug|Any CPU
		{224F6A61-2FD3-453A-8DAF-F187EF569623}.Release|Any CPU.ActiveCfg = Release|Any CPU
		{224F6A61-2FD3-453A-8DAF-F187EF569623}.Release|Any CPU.Build.0 = Release|Any CPU
		{117DD1EC-89BA-41CB-AC6F-BE72C25B7740}.Debug|Any CPU.ActiveCfg = Debug|Any CPU
		{117DD1EC-89BA-41CB-AC6F-BE72C25B7740}.Debug|Any CPU.Build.0 = Debug|Any CPU
		{117DD1EC-89BA-41CB-AC6F-BE72C25B7740}.Release|Any CPU.ActiveCfg = Release|Any CPU
		{117DD1EC-89BA-41CB-AC6F-BE72C25B7740}.Release|Any CPU.Build.0 = Release|Any CPU
		{501C5EA1-43C0-4992-9629-79C363594612}.Debug|Any CPU.ActiveCfg = Debug|Any CPU
		{501C5EA1-43C0-4992-9629-79C363594612}.Debug|Any CPU.Build.0 = Debug|Any CPU
		{501C5EA1-43C0-4992-9629-79C363594612}.Release|Any CPU.ActiveCfg = Release|Any CPU
		{501C5EA1-43C0-4992-9629-79C363594612}.Release|Any CPU.Build.0 = Release|Any CPU
		{2152DB1A-CE98-45D9-9609-B2AED4C7A5DB}.Debug|Any CPU.ActiveCfg = Debug|Any CPU
		{2152DB1A-CE98-45D9-9609-B2AED4C7A5DB}.Debug|Any CPU.Build.0 = Debug|Any CPU
		{2152DB1A-CE98-45D9-9609-B2AED4C7A5DB}.Release|Any CPU.ActiveCfg = Release|Any CPU
		{2152DB1A-CE98-45D9-9609-B2AED4C7A5DB}.Release|Any CPU.Build.0 = Release|Any CPU
		{0DDA9475-2B58-483A-B734-AA0E3CAB4DD0}.Debug|Any CPU.ActiveCfg = Debug|Any CPU
		{0DDA9475-2B58-483A-B734-AA0E3CAB4DD0}.Debug|Any CPU.Build.0 = Debug|Any CPU
		{0DDA9475-2B58-483A-B734-AA0E3CAB4DD0}.Release|Any CPU.ActiveCfg = Release|Any CPU
		{0DDA9475-2B58-483A-B734-AA0E3CAB4DD0}.Release|Any CPU.Build.0 = Release|Any CPU
		{A081FFD4-BB92-47B9-93A2-C0828C82221C}.Debug|Any CPU.ActiveCfg = Debug|Any CPU
		{A081FFD4-BB92-47B9-93A2-C0828C82221C}.Debug|Any CPU.Build.0 = Debug|Any CPU
		{A081FFD4-BB92-47B9-93A2-C0828C82221C}.Release|Any CPU.ActiveCfg = Release|Any CPU
		{A081FFD4-BB92-47B9-93A2-C0828C82221C}.Release|Any CPU.Build.0 = Release|Any CPU
		{DD8CC1A9-B9FA-49A2-9BC0-E6F957937D8A}.Debug|Any CPU.ActiveCfg = Debug|Any CPU
		{DD8CC1A9-B9FA-49A2-9BC0-E6F957937D8A}.Debug|Any CPU.Build.0 = Debug|Any CPU
		{DD8CC1A9-B9FA-49A2-9BC0-E6F957937D8A}.Release|Any CPU.ActiveCfg = Release|Any CPU
		{DD8CC1A9-B9FA-49A2-9BC0-E6F957937D8A}.Release|Any CPU.Build.0 = Release|Any CPU
		{07E819F8-D857-472B-8EF0-25A3B0FCD526}.Debug|Any CPU.ActiveCfg = Debug|Any CPU
		{07E819F8-D857-472B-8EF0-25A3B0FCD526}.Debug|Any CPU.Build.0 = Debug|Any CPU
		{07E819F8-D857-472B-8EF0-25A3B0FCD526}.Release|Any CPU.ActiveCfg = Release|Any CPU
		{07E819F8-D857-472B-8EF0-25A3B0FCD526}.Release|Any CPU.Build.0 = Release|Any CPU
		{8BAB4D27-A0C9-4F2D-98C9-5180D213D21E}.Debug|Any CPU.ActiveCfg = Debug|Any CPU
		{8BAB4D27-A0C9-4F2D-98C9-5180D213D21E}.Debug|Any CPU.Build.0 = Debug|Any CPU
		{8BAB4D27-A0C9-4F2D-98C9-5180D213D21E}.Release|Any CPU.ActiveCfg = Release|Any CPU
		{8BAB4D27-A0C9-4F2D-98C9-5180D213D21E}.Release|Any CPU.Build.0 = Release|Any CPU
		{5F95E8B6-EF78-4922-AFE5-F6DF7ADCF745}.Debug|Any CPU.ActiveCfg = Debug|Any CPU
		{5F95E8B6-EF78-4922-AFE5-F6DF7ADCF745}.Debug|Any CPU.Build.0 = Debug|Any CPU
		{5F95E8B6-EF78-4922-AFE5-F6DF7ADCF745}.Release|Any CPU.ActiveCfg = Release|Any CPU
		{5F95E8B6-EF78-4922-AFE5-F6DF7ADCF745}.Release|Any CPU.Build.0 = Release|Any CPU
		{3D03B34A-5CBF-4634-8BFB-4EE9EB847545}.Debug|Any CPU.ActiveCfg = Debug|Any CPU
		{3D03B34A-5CBF-4634-8BFB-4EE9EB847545}.Debug|Any CPU.Build.0 = Debug|Any CPU
		{3D03B34A-5CBF-4634-8BFB-4EE9EB847545}.Release|Any CPU.ActiveCfg = Release|Any CPU
		{3D03B34A-5CBF-4634-8BFB-4EE9EB847545}.Release|Any CPU.Build.0 = Release|Any CPU
	EndGlobalSection
	GlobalSection(SolutionProperties) = preSolution
		HideSolutionNode = FALSE
	EndGlobalSection
	GlobalSection(NestedProjects) = preSolution
		{31BA529C-BE0A-44AB-9E58-5C97D9DEC555} = {66899E6D-FA8C-4E5C-9917-A2B31F80B110}
		{2B46AFBB-6EFC-44D2-BB62-505A099ACD04} = {91D2300A-2A09-453F-AA53-1BC40C06ECDD}
		{5562B868-FEF2-4F89-9D8C-FCCDB31C149E} = {858F12EC-D873-406A-944B-BF397040DD1E}
		{0B88312B-64AF-456D-AEB0-776A0422989F} = {858F12EC-D873-406A-944B-BF397040DD1E}
		{DEBDB028-5442-4981-B7E9-4D079286E99A} = {5562B868-FEF2-4F89-9D8C-FCCDB31C149E}
		{C7F4A83C-5A1B-41CF-8D9F-F8A9715F5C4B} = {858F12EC-D873-406A-944B-BF397040DD1E}
		{344F4998-6B84-4571-98D5-0459C51FB672} = {66899E6D-FA8C-4E5C-9917-A2B31F80B110}
		{AAE49881-8776-4D02-881F-986E6054B9D8} = {858F12EC-D873-406A-944B-BF397040DD1E}
		{A549C52C-0096-40F7-8F0D-057EF509895E} = {2B46AFBB-6EFC-44D2-BB62-505A099ACD04}
		{6161E79F-C3BB-4E0A-89FE-E21CC799758B} = {91D2300A-2A09-453F-AA53-1BC40C06ECDD}
		{8D42D803-81AF-494A-8963-6CEB42B2B9F8} = {2B46AFBB-6EFC-44D2-BB62-505A099ACD04}
		{B9FC56DF-4552-45E2-B29E-E32966253C4F} = {2B46AFBB-6EFC-44D2-BB62-505A099ACD04}
		{DBEE7388-1192-4C7E-9031-B0E8DDE9D5CC} = {91D2300A-2A09-453F-AA53-1BC40C06ECDD}
		{E96E2F84-1A9F-4DEE-B67D-DEE6BFF4C514} = {2B46AFBB-6EFC-44D2-BB62-505A099ACD04}
		{521F0F78-61EE-4ACC-98AA-E3C5D5FC578E} = {2B46AFBB-6EFC-44D2-BB62-505A099ACD04}
		{DF7476A4-195C-48FA-9C17-4FA3B0F5591D} = {2B46AFBB-6EFC-44D2-BB62-505A099ACD04}
		{A16CA6EB-E202-4309-AA47-DAF9D12F8CCC} = {50F2D646-08E0-4D51-8C01-33FACA469136}
		{6FA079CF-12DC-4962-9CB9-C03A06BFA8F0} = {CD1A9B60-5DB1-49EE-A56C-42AFEB12860F}
		{224F6A61-2FD3-453A-8DAF-F187EF569623} = {CD1A9B60-5DB1-49EE-A56C-42AFEB12860F}
		{117DD1EC-89BA-41CB-AC6F-BE72C25B7740} = {CD1A9B60-5DB1-49EE-A56C-42AFEB12860F}
		{501C5EA1-43C0-4992-9629-79C363594612} = {CD1A9B60-5DB1-49EE-A56C-42AFEB12860F}
		{2152DB1A-CE98-45D9-9609-B2AED4C7A5DB} = {CD1A9B60-5DB1-49EE-A56C-42AFEB12860F}
		{0DDA9475-2B58-483A-B734-AA0E3CAB4DD0} = {CD1A9B60-5DB1-49EE-A56C-42AFEB12860F}
		{A081FFD4-BB92-47B9-93A2-C0828C82221C} = {CD1A9B60-5DB1-49EE-A56C-42AFEB12860F}
		{DD8CC1A9-B9FA-49A2-9BC0-E6F957937D8A} = {CD1A9B60-5DB1-49EE-A56C-42AFEB12860F}
		{07E819F8-D857-472B-8EF0-25A3B0FCD526} = {CD1A9B60-5DB1-49EE-A56C-42AFEB12860F}
		{8BAB4D27-A0C9-4F2D-98C9-5180D213D21E} = {CD1A9B60-5DB1-49EE-A56C-42AFEB12860F}
		{5F95E8B6-EF78-4922-AFE5-F6DF7ADCF745} = {CD1A9B60-5DB1-49EE-A56C-42AFEB12860F}
		{6B281E4D-DC8D-42F2-8B83-72B14A58B0F4} = {50F2D646-08E0-4D51-8C01-33FACA469136}
		{219F4D9C-D2DC-4ECD-9C66-EFAB7B731475} = {6B281E4D-DC8D-42F2-8B83-72B14A58B0F4}
		{5ACFB4AF-7C84-402D-AC92-D05CB3B4E40D} = {6B281E4D-DC8D-42F2-8B83-72B14A58B0F4}
		{404437AB-B09F-4957-9F7F-C30680FC41B5} = {5ACFB4AF-7C84-402D-AC92-D05CB3B4E40D}
		{3D03B34A-5CBF-4634-8BFB-4EE9EB847545} = {66899E6D-FA8C-4E5C-9917-A2B31F80B110}
	EndGlobalSection
	GlobalSection(ExtensibilityGlobals) = postSolution
		SolutionGuid = {C5F51B09-7448-475D-B43A-36EEA0385547}
	EndGlobalSection
EndGlobal
